// !$*UTF8*$!
{
	archiveVersion = 1;
	classes = {
	};
	objectVersion = 77;
	objects = {

/* Begin PBXBuildFile section */
		0934DAC7D29F0E30F08421EB /* DashboardView.swift in Sources */ = {isa = PBXBuildFile; fileRef = 203DB539B53445ABE1A8B00D /* DashboardView.swift */; };
		0AE42E64BBC1811450B77993 /* Pods_kfit.framework in Frameworks */ = {isa = PBXBuildFile; fileRef = 5925BE18EDA00252B93E102E /* Pods_kfit.framework */; };
		39B26DCB63CC41CF00F80DCE /* kfitApp.swift in Sources */ = {isa = PBXBuildFile; fileRef = 5A293CE4C6B7B7F0B3BF252A /* kfitApp.swift */; };
		51CAADA14AC0FA9047C6B4C9 /* WatchQuickWorkoutView.swift in Sources */ = {isa = PBXBuildFile; fileRef = 861A442EDD0B555D636B6E58 /* WatchQuickWorkoutView.swift */; };
		6A8F62A9A663FE5ACDC9E5BF /* WatchConnectivityManager.swift in Sources */ = {isa = PBXBuildFile; fileRef = E7AE8C6F38485BC9940A7F10 /* WatchConnectivityManager.swift */; };
		6D8E332DCB6825BD26925BC4 /* ExerciseTrackerView.swift in Sources */ = {isa = PBXBuildFile; fileRef = 7CE96A0E8F92CCC6A2D6304C /* ExerciseTrackerView.swift */; };
		750FE8658DEC8486C8967FE6 /* LoginView.swift in Sources */ = {isa = PBXBuildFile; fileRef = E5EE23D487A8C3C665F7230C /* LoginView.swift */; };
		8F23C3E2BC9BC670C40C9D73 /* AuthenticationManager.swift in Sources */ = {isa = PBXBuildFile; fileRef = 9D79B323BF0418F603EDC889 /* AuthenticationManager.swift */; };
		A2BA99961BA663555BB9FF4F /* WatchDashboardView.swift in Sources */ = {isa = PBXBuildFile; fileRef = 21DBF925DABEFD80A33A0FB3 /* WatchDashboardView.swift */; };
		A4934073DDE1D9339183B916 /* WatchMotionDetectionManager.swift in Sources */ = {isa = PBXBuildFile; fileRef = F8724E9B1CC41575479FB3D9 /* WatchMotionDetectionManager.swift */; };
		B77815389595E20A6C8A39F6 /* MotionDetectionManager.swift in Sources */ = {isa = PBXBuildFile; fileRef = F2D43BAE82651D0A544313FC /* MotionDetectionManager.swift */; };
		B8A14FE8ED9F481E5E9B2BB9 /* kfitWatch.app in Embed Watch Content */ = {isa = PBXBuildFile; fileRef = D6A013EC2D42C71DE29F08FF /* kfitWatch.app */; settings = {ATTRIBUTES = (RemoveHeadersOnCopy, ); }; };
		FFAC756AB4C85E07A04BDE4D /* kfitWatchApp.swift in Sources */ = {isa = PBXBuildFile; fileRef = 207A3171E3760604339AF933 /* kfitWatchApp.swift */; };
/* End PBXBuildFile section */

/* Begin PBXContainerItemProxy section */
		7504E6C437278F3EA063ED83 /* PBXContainerItemProxy */ = {
			isa = PBXContainerItemProxy;
			containerPortal = D3F6D864AD860C3944ABCC2A /* Project object */;
			proxyType = 1;
			remoteGlobalIDString = 15778AF7A618054A8BA2CCC8;
			remoteInfo = kfitWatch;
		};
/* End PBXContainerItemProxy section */

/* Begin PBXCopyFilesBuildPhase section */
		2B24A90AB45ADA523BEB3C00 /* Embed Watch Content */ = {
			isa = PBXCopyFilesBuildPhase;
			buildActionMask = 2147483647;
			dstPath = "$(CONTENTS_FOLDER_PATH)/Watch";
			dstSubfolderSpec = 16;
			files = (
				B8A14FE8ED9F481E5E9B2BB9 /* kfitWatch.app in Embed Watch Content */,
			);
			name = "Embed Watch Content";
			runOnlyForDeploymentPostprocessing = 0;
		};
/* End PBXCopyFilesBuildPhase section */

/* Begin PBXFileReference section */
		11A6A58DC460801AC708E7F2 /* Pods-kfit.release.xcconfig */ = {isa = PBXFileReference; includeInIndex = 1; lastKnownFileType = text.xcconfig; name = "Pods-kfit.release.xcconfig"; path = "Target Support Files/Pods-kfit/Pods-kfit.release.xcconfig"; sourceTree = "<group>"; };
		203DB539B53445ABE1A8B00D /* DashboardView.swift */ = {isa = PBXFileReference; lastKnownFileType = sourcecode.swift; path = DashboardView.swift; sourceTree = "<group>"; };
		207A3171E3760604339AF933 /* kfitWatchApp.swift */ = {isa = PBXFileReference; lastKnownFileType = sourcecode.swift; path = kfitWatchApp.swift; sourceTree = "<group>"; };
		21DBF925DABEFD80A33A0FB3 /* WatchDashboardView.swift */ = {isa = PBXFileReference; lastKnownFileType = sourcecode.swift; path = WatchDashboardView.swift; sourceTree = "<group>"; };
		431A38180EA4021C9C70E8D5 /* Pods-kfit.debug.xcconfig */ = {isa = PBXFileReference; includeInIndex = 1; lastKnownFileType = text.xcconfig; name = "Pods-kfit.debug.xcconfig"; path = "Target Support Files/Pods-kfit/Pods-kfit.debug.xcconfig"; sourceTree = "<group>"; };
		5925BE18EDA00252B93E102E /* Pods_kfit.framework */ = {isa = PBXFileReference; explicitFileType = wrapper.framework; includeInIndex = 0; path = Pods_kfit.framework; sourceTree = BUILT_PRODUCTS_DIR; };
		593FBF7A2FA0F248003A1EFB /* GoogleService-Info.sample.plist */ = {isa = PBXFileReference; lastKnownFileType = text.plist.xml; path = "GoogleService-Info.sample.plist"; sourceTree = "<group>"; };
		593FBF7B2FA0F4CC003A1EFB /* GoogleService-Info.plist */ = {isa = PBXFileReference; lastKnownFileType = text.plist.xml; path = "GoogleService-Info.plist"; sourceTree = "<group>"; };
		5A293CE4C6B7B7F0B3BF252A /* kfitApp.swift */ = {isa = PBXFileReference; lastKnownFileType = sourcecode.swift; path = kfitApp.swift; sourceTree = "<group>"; };
		7CE96A0E8F92CCC6A2D6304C /* ExerciseTrackerView.swift */ = {isa = PBXFileReference; lastKnownFileType = sourcecode.swift; path = ExerciseTrackerView.swift; sourceTree = "<group>"; };
		861A442EDD0B555D636B6E58 /* WatchQuickWorkoutView.swift */ = {isa = PBXFileReference; lastKnownFileType = sourcecode.swift; path = WatchQuickWorkoutView.swift; sourceTree = "<group>"; };
		9D79B323BF0418F603EDC889 /* AuthenticationManager.swift */ = {isa = PBXFileReference; lastKnownFileType = sourcecode.swift; path = AuthenticationManager.swift; sourceTree = "<group>"; };
		A6BCDB88CE58649FACA5E704 /* kfit.app */ = {isa = PBXFileReference; explicitFileType = wrapper.application; includeInIndex = 0; path = kfit.app; sourceTree = BUILT_PRODUCTS_DIR; };
		D6A013EC2D42C71DE29F08FF /* kfitWatch.app */ = {isa = PBXFileReference; explicitFileType = wrapper.application; includeInIndex = 0; path = kfitWatch.app; sourceTree = BUILT_PRODUCTS_DIR; };
		E5EE23D487A8C3C665F7230C /* LoginView.swift */ = {isa = PBXFileReference; lastKnownFileType = sourcecode.swift; path = LoginView.swift; sourceTree = "<group>"; };
		E7AE8C6F38485BC9940A7F10 /* WatchConnectivityManager.swift */ = {isa = PBXFileReference; lastKnownFileType = sourcecode.swift; path = WatchConnectivityManager.swift; sourceTree = "<group>"; };
		F2D43BAE82651D0A544313FC /* MotionDetectionManager.swift */ = {isa = PBXFileReference; lastKnownFileType = sourcecode.swift; path = MotionDetectionManager.swift; sourceTree = "<group>"; };
		F8724E9B1CC41575479FB3D9 /* WatchMotionDetectionManager.swift */ = {isa = PBXFileReference; lastKnownFileType = sourcecode.swift; path = WatchMotionDetectionManager.swift; sourceTree = "<group>"; };
/* End PBXFileReference section */

/* Begin PBXFrameworksBuildPhase section */
		0BC4F472E27439689CA18561 /* Frameworks */ = {
			isa = PBXFrameworksBuildPhase;
			buildActionMask = 2147483647;
			files = (
			);
			runOnlyForDeploymentPostprocessing = 0;
		};
		B446A049BE50ECA70E6DA5F9 /* Frameworks */ = {
			isa = PBXFrameworksBuildPhase;
			buildActionMask = 2147483647;
			files = (
				0AE42E64BBC1811450B77993 /* Pods_kfit.framework in Frameworks */,
			);
			runOnlyForDeploymentPostprocessing = 0;
		};
/* End PBXFrameworksBuildPhase section */

/* Begin PBXGroup section */
		250684CB1B560A766721DBF7 /* Frameworks */ = {
			isa = PBXGroup;
			children = (
				5925BE18EDA00252B93E102E /* Pods_kfit.framework */,
			);
			name = Frameworks;
			sourceTree = "<group>";
		};
		27D4D2619F28995EEF7DD79B /* Managers */ = {
			isa = PBXGroup;
			children = (
				E7AE8C6F38485BC9940A7F10 /* WatchConnectivityManager.swift */,
				F8724E9B1CC41575479FB3D9 /* WatchMotionDetectionManager.swift */,
			);
			path = Managers;
			sourceTree = "<group>";
		};
		38442C725919EEDEEDD0DA18 /* Managers */ = {
			isa = PBXGroup;
			children = (
				9D79B323BF0418F603EDC889 /* AuthenticationManager.swift */,
				F2D43BAE82651D0A544313FC /* MotionDetectionManager.swift */,
			);
			path = Managers;
			sourceTree = "<group>";
		};
		46E4B301FE74423921608F1C /* Products */ = {
			isa = PBXGroup;
			children = (
				A6BCDB88CE58649FACA5E704 /* kfit.app */,
				D6A013EC2D42C71DE29F08FF /* kfitWatch.app */,
			);
			name = Products;
			sourceTree = "<group>";
		};
		601086BF1EA675FF19BBCC85 /* Pods */ = {
			isa = PBXGroup;
			children = (
				431A38180EA4021C9C70E8D5 /* Pods-kfit.debug.xcconfig */,
				11A6A58DC460801AC708E7F2 /* Pods-kfit.release.xcconfig */,
			);
			path = Pods;
			sourceTree = "<group>";
		};
		67429400221A7FE7E8ED9ED3 /* Views */ = {
			isa = PBXGroup;
			children = (
				21DBF925DABEFD80A33A0FB3 /* WatchDashboardView.swift */,
				861A442EDD0B555D636B6E58 /* WatchQuickWorkoutView.swift */,
			);
			path = Views;
			sourceTree = "<group>";
		};
		679002F91FD0E3A086B9AC16 = {
			isa = PBXGroup;
			children = (
				C8847EA6D61DC815E07657CF /* kfit */,
				9FACC51F510F9751D5131D0D /* kfitWatch */,
				46E4B301FE74423921608F1C /* Products */,
				601086BF1EA675FF19BBCC85 /* Pods */,
				593FBF7A2FA0F248003A1EFB /* GoogleService-Info.sample.plist */,
				250684CB1B560A766721DBF7 /* Frameworks */,
			);
			sourceTree = "<group>";
		};
		997920D5C01EFF7718DEC6E5 /* Views */ = {
			isa = PBXGroup;
			children = (
				203DB539B53445ABE1A8B00D /* DashboardView.swift */,
				7CE96A0E8F92CCC6A2D6304C /* ExerciseTrackerView.swift */,
				E5EE23D487A8C3C665F7230C /* LoginView.swift */,
			);
			path = Views;
			sourceTree = "<group>";
		};
		9FACC51F510F9751D5131D0D /* kfitWatch */ = {
			isa = PBXGroup;
			children = (
				207A3171E3760604339AF933 /* kfitWatchApp.swift */,
				27D4D2619F28995EEF7DD79B /* Managers */,
				67429400221A7FE7E8ED9ED3 /* Views */,
			);
			path = kfitWatch;
			sourceTree = "<group>";
		};
		C8847EA6D61DC815E07657CF /* kfit */ = {
			isa = PBXGroup;
			children = (
				593FBF7B2FA0F4CC003A1EFB /* GoogleService-Info.plist */,
				5A293CE4C6B7B7F0B3BF252A /* kfitApp.swift */,
				38442C725919EEDEEDD0DA18 /* Managers */,
				997920D5C01EFF7718DEC6E5 /* Views */,
			);
			path = kfit;
			sourceTree = "<group>";
		};
/* End PBXGroup section */

/* Begin PBXNativeTarget section */
		014E0F49F786F62B90EEA209 /* kfit */ = {
			isa = PBXNativeTarget;
			buildConfigurationList = 9F8467D0497197A5B20680AA /* Build configuration list for PBXNativeTarget "kfit" */;
			buildPhases = (
				089EAB8BB4AFEEB9EA816D05 /* [CP] Check Pods Manifest.lock */,
				EF5C87099F545AC67774792D /* Sources */,
				2B24A90AB45ADA523BEB3C00 /* Embed Watch Content */,
				B446A049BE50ECA70E6DA5F9 /* Frameworks */,
				9DD5839C41B81CA0B6B8D2BC /* [CP] Copy Pods Resources */,
			);
			buildRules = (
			);
			dependencies = (
				BFA9689A62B4B23F2784F340 /* PBXTargetDependency */,
			);
			name = kfit;
			productName = kfit;
			productReference = A6BCDB88CE58649FACA5E704 /* kfit.app */;
			productType = "com.apple.product-type.application";
		};
		15778AF7A618054A8BA2CCC8 /* kfitWatch */ = {
			isa = PBXNativeTarget;
			buildConfigurationList = 5D0DB6087AEFEAE9AACAA5C6 /* Build configuration list for PBXNativeTarget "kfitWatch" */;
			buildPhases = (
				24DCCE78F3AEE1DFD899068A /* Sources */,
				0BC4F472E27439689CA18561 /* Frameworks */,
			);
			buildRules = (
			);
			dependencies = (
			);
			name = kfitWatch;
			productName = kfitWatch;
			productReference = D6A013EC2D42C71DE29F08FF /* kfitWatch.app */;
			productType = "com.apple.product-type.application";
		};
/* End PBXNativeTarget section */

/* Begin PBXProject section */
		D3F6D864AD860C3944ABCC2A /* Project object */ = {
			isa = PBXProject;
			attributes = {
				BuildIndependentTargetsInParallel = YES;
				LastUpgradeCheck = 1500;
			};
			buildConfigurationList = 90E84845DD4C5AC8405D5529 /* Build configuration list for PBXProject "kfit" */;
			developmentRegion = en;
			hasScannedForEncodings = 0;
			knownRegions = (
				Base,
				en,
			);
			mainGroup = 679002F91FD0E3A086B9AC16;
			minimizedProjectReferenceProxies = 1;
			preferredProjectObjectVersion = 77;
			productRefGroup = 46E4B301FE74423921608F1C /* Products */;
			projectDirPath = "";
			projectRoot = "";
			targets = (
				014E0F49F786F62B90EEA209 /* kfit */,
				15778AF7A618054A8BA2CCC8 /* kfitWatch */,
			);
		};
/* End PBXProject section */

/* Begin PBXShellScriptBuildPhase section */
		089EAB8BB4AFEEB9EA816D05 /* [CP] Check Pods Manifest.lock */ = {
			isa = PBXShellScriptBuildPhase;
			buildActionMask = 2147483647;
			files = (
			);
			inputFileListPaths = (
			);
			inputPaths = (
				"${PODS_PODFILE_DIR_PATH}/Podfile.lock",
				"${PODS_ROOT}/Manifest.lock",
			);
			name = "[CP] Check Pods Manifest.lock";
			outputFileListPaths = (
			);
			outputPaths = (
				"$(DERIVED_FILE_DIR)/Pods-kfit-checkManifestLockResult.txt",
			);
			runOnlyForDeploymentPostprocessing = 0;
			shellPath = /bin/sh;
			shellScript = "diff \"${PODS_PODFILE_DIR_PATH}/Podfile.lock\" \"${PODS_ROOT}/Manifest.lock\" > /dev/null\nif [ $? != 0 ] ; then\n    # print error to STDERR\n    echo \"error: The sandbox is not in sync with the Podfile.lock. Run 'pod install' or update your CocoaPods installation.\" >&2\n    exit 1\nfi\n# This output is used by Xcode 'outputs' to avoid re-running this script phase.\necho \"SUCCESS\" > \"${SCRIPT_OUTPUT_FILE_0}\"\n";
			showEnvVarsInLog = 0;
		};
		9DD5839C41B81CA0B6B8D2BC /* [CP] Copy Pods Resources */ = {
			isa = PBXShellScriptBuildPhase;
			buildActionMask = 2147483647;
			files = (
			);
			inputFileListPaths = (
				"${PODS_ROOT}/Target Support Files/Pods-kfit/Pods-kfit-resources-${CONFIGURATION}-input-files.xcfilelist",
			);
			inputPaths = (
			);
			name = "[CP] Copy Pods Resources";
			outputFileListPaths = (
				"${PODS_ROOT}/Target Support Files/Pods-kfit/Pods-kfit-resources-${CONFIGURATION}-output-files.xcfilelist",
			);
			outputPaths = (
			);
			runOnlyForDeploymentPostprocessing = 0;
			shellPath = /bin/sh;
			shellScript = "\"${PODS_ROOT}/Target Support Files/Pods-kfit/Pods-kfit-resources.sh\"\n";
			showEnvVarsInLog = 0;
		};
/* End PBXShellScriptBuildPhase section */

/* Begin PBXSourcesBuildPhase section */
		24DCCE78F3AEE1DFD899068A /* Sources */ = {
			isa = PBXSourcesBuildPhase;
			buildActionMask = 2147483647;
			files = (
				6A8F62A9A663FE5ACDC9E5BF /* WatchConnectivityManager.swift in Sources */,
				A2BA99961BA663555BB9FF4F /* WatchDashboardView.swift in Sources */,
				A4934073DDE1D9339183B916 /* WatchMotionDetectionManager.swift in Sources */,
				51CAADA14AC0FA9047C6B4C9 /* WatchQuickWorkoutView.swift in Sources */,
				FFAC756AB4C85E07A04BDE4D /* kfitWatchApp.swift in Sources */,
			);
			runOnlyForDeploymentPostprocessing = 0;
		};
		EF5C87099F545AC67774792D /* Sources */ = {
			isa = PBXSourcesBuildPhase;
			buildActionMask = 2147483647;
			files = (
				8F23C3E2BC9BC670C40C9D73 /* AuthenticationManager.swift in Sources */,
				0934DAC7D29F0E30F08421EB /* DashboardView.swift in Sources */,
				6D8E332DCB6825BD26925BC4 /* ExerciseTrackerView.swift in Sources */,
				750FE8658DEC8486C8967FE6 /* LoginView.swift in Sources */,
				B77815389595E20A6C8A39F6 /* MotionDetectionManager.swift in Sources */,
				39B26DCB63CC41CF00F80DCE /* kfitApp.swift in Sources */,
			);
			runOnlyForDeploymentPostprocessing = 0;
		};
/* End PBXSourcesBuildPhase section */

/* Begin PBXTargetDependency section */
		BFA9689A62B4B23F2784F340 /* PBXTargetDependency */ = {
			isa = PBXTargetDependency;
			target = 15778AF7A618054A8BA2CCC8 /* kfitWatch */;
			targetProxy = 7504E6C437278F3EA063ED83 /* PBXContainerItemProxy */;
		};
/* End PBXTargetDependency section */

/* Begin XCBuildConfiguration section */
		14B0A75E2E55CFC637806427 /* Debug */ = {
			isa = XCBuildConfiguration;
			buildSettings = {
				ASSETCATALOG_COMPILER_APPICON_NAME = AppIcon;
				DEVELOPMENT_TEAM = N5H836M425;
				INFOPLIST_FILE = kfitWatch/Info.plist;
				PRODUCT_BUNDLE_IDENTIFIER = com.kfitappduo.app.watchkitapp;
				SDKROOT = watchos;
				SKIP_INSTALL = YES;
				TARGETED_DEVICE_FAMILY = 4;
				WATCHOS_DEPLOYMENT_TARGET = 8.0;
			};
			name = Debug;
		};
		177750B7340A746F3F70C340 /* Release */ = {
			isa = XCBuildConfiguration;
			buildSettings = {
				ASSETCATALOG_COMPILER_APPICON_NAME = AppIcon;
				DEVELOPMENT_TEAM = N5H836M425;
				INFOPLIST_FILE = kfitWatch/Info.plist;
				PRODUCT_BUNDLE_IDENTIFIER = com.kfitappduo.app.watchkitapp;
				SDKROOT = watchos;
				SKIP_INSTALL = YES;
				TARGETED_DEVICE_FAMILY = 4;
				WATCHOS_DEPLOYMENT_TARGET = 8.0;
			};
			name = Release;
		};
		4404815AE15F094AF6A41F0D /* Release */ = {
			isa = XCBuildConfiguration;
			buildSettings = {
				ALWAYS_SEARCH_USER_PATHS = NO;
				CLANG_ANALYZER_NONNULL = YES;
				CLANG_ANALYZER_NUMBER_OBJECT_CONVERSION = YES_AGGRESSIVE;
				CLANG_CXX_LANGUAGE_STANDARD = "gnu++14";
				CLANG_CXX_LIBRARY = "libc++";
				CLANG_ENABLE_MODULES = YES;
				CLANG_ENABLE_OBJC_ARC = YES;
				CLANG_ENABLE_OBJC_WEAK = YES;
				CLANG_WARN_BLOCK_CAPTURE_AUTORELEASING = YES;
				CLANG_WARN_BOOL_CONVERSION = YES;
				CLANG_WARN_COMMA = YES;
				CLANG_WARN_CONSTANT_CONVERSION = YES;
				CLANG_WARN_DEPRECATED_OBJC_IMPLEMENTATIONS = YES;
				CLANG_WARN_DIRECT_OBJC_ISA_USAGE = YES_ERROR;
				CLANG_WARN_DOCUMENTATION_COMMENTS = YES;
				CLANG_WARN_EMPTY_BODY = YES;
				CLANG_WARN_ENUM_CONVERSION = YES;
				CLANG_WARN_INFINITE_RECURSION = YES;
				CLANG_WARN_INT_CONVERSION = YES;
				CLANG_WARN_NON_LITERAL_NULL_CONVERSION = YES;
				CLANG_WARN_OBJC_IMPLICIT_RETAIN_SELF = YES;
				CLANG_WARN_OBJC_LITERAL_CONVERSION = YES;
				CLANG_WARN_OBJC_ROOT_CLASS = YES_ERROR;
				CLANG_WARN_QUOTED_INCLUDE_IN_FRAMEWORK_HEADER = YES;
				CLANG_WARN_RANGE_LOOP_ANALYSIS = YES;
				CLANG_WARN_STRICT_PROTOTYPES = YES;
				CLANG_WARN_SUSPICIOUS_MOVE = YES;
				CLANG_WARN_UNGUARDED_AVAILABILITY = YES_AGGRESSIVE;
				CLANG_WARN_UNREACHABLE_CODE = YES;
				CLANG_WARN__DUPLICATE_METHOD_MATCH = YES;
				COPY_PHASE_STRIP = NO;
				DEBUG_INFORMATION_FORMAT = "dwarf-with-dsym";
				DEVELOPMENT_TEAM = "";
				ENABLE_NS_ASSERTIONS = NO;
				ENABLE_STRICT_OBJC_MSGSEND = YES;
				GCC_C_LANGUAGE_STANDARD = gnu11;
				GCC_NO_COMMON_BLOCKS = YES;
				GCC_WARN_64_TO_32_BIT_CONVERSION = YES;
				GCC_WARN_ABOUT_RETURN_TYPE = YES_ERROR;
				GCC_WARN_UNDECLARED_SELECTOR = YES;
				GCC_WARN_UNINITIALIZED_AUTOS = YES_AGGRESSIVE;
				GCC_WARN_UNUSED_FUNCTION = YES;
				GCC_WARN_UNUSED_VARIABLE = YES;
				IPHONEOS_DEPLOYMENT_TARGET = 15.0;
				MTL_ENABLE_DEBUG_INFO = NO;
				MTL_FAST_MATH = YES;
				PRODUCT_NAME = "$(TARGET_NAME)";
				SWIFT_COMPILATION_MODE = wholemodule;
				SWIFT_OPTIMIZATION_LEVEL = "-O";
				SWIFT_VERSION = 5.9;
				WATCHOS_DEPLOYMENT_TARGET = 8.0;
			};
			name = Release;
		};
		87485537EB5ED892355E1534 /* Debug */ = {
			isa = XCBuildConfiguration;
			baseConfigurationReference = 431A38180EA4021C9C70E8D5 /* Pods-kfit.debug.xcconfig */;
			buildSettings = {
				ASSETCATALOG_COMPILER_APPICON_NAME = AppIcon;
				CODE_SIGN_IDENTITY = "iPhone Developer";
				DEVELOPMENT_TEAM = N5H836M425;
				INFOPLIST_FILE = kfit/Info.plist;
				INFOPLIST_KEY_LSApplicationCategoryType = "public.app-category.healthcare-fitness";
				IPHONEOS_DEPLOYMENT_TARGET = 15.0;
				LD_RUNPATH_SEARCH_PATHS = (
					"$(inherited)",
					"@executable_path/Frameworks",
				);
				PRODUCT_BUNDLE_IDENTIFIER = com.kfitappduo.app;
				SDKROOT = iphoneos;
				TARGETED_DEVICE_FAMILY = "1,2";
			};
			name = Debug;
		};
		B242E69A9C6CA5C22946C3FF /* Debug */ = {
			isa = XCBuildConfiguration;
			buildSettings = {
				ALWAYS_SEARCH_USER_PATHS = NO;
				CLANG_ANALYZER_NONNULL = YES;
				CLANG_ANALYZER_NUMBER_OBJECT_CONVERSION = YES_AGGRESSIVE;
				CLANG_CXX_LANGUAGE_STANDARD = "gnu++14";
				CLANG_CXX_LIBRARY = "libc++";
				CLANG_ENABLE_MODULES = YES;
				CLANG_ENABLE_OBJC_ARC = YES;
				CLANG_ENABLE_OBJC_WEAK = YES;
				CLANG_WARN_BLOCK_CAPTURE_AUTORELEASING = YES;
				CLANG_WARN_BOOL_CONVERSION = YES;
				CLANG_WARN_COMMA = YES;
				CLANG_WARN_CONSTANT_CONVERSION = YES;
				CLANG_WARN_DEPRECATED_OBJC_IMPLEMENTATIONS = YES;
				CLANG_WARN_DIRECT_OBJC_ISA_USAGE = YES_ERROR;
				CLANG_WARN_DOCUMENTATION_COMMENTS = YES;
				CLANG_WARN_EMPTY_BODY = YES;
				CLANG_WARN_ENUM_CONVERSION = YES;
				CLANG_WARN_INFINITE_RECURSION = YES;
				CLANG_WARN_INT_CONVERSION = YES;
				CLANG_WARN_NON_LITERAL_NULL_CONVERSION = YES;
				CLANG_WARN_OBJC_IMPLICIT_RETAIN_SELF = YES;
				CLANG_WARN_OBJC_LITERAL_CONVERSION = YES;
				CLANG_WARN_OBJC_ROOT_CLASS = YES_ERROR;
				CLANG_WARN_QUOTED_INCLUDE_IN_FRAMEWORK_HEADER = YES;
				CLANG_WARN_RANGE_LOOP_ANALYSIS = YES;
				CLANG_WARN_STRICT_PROTOTYPES = YES;
				CLANG_WARN_SUSPICIOUS_MOVE = YES;
				CLANG_WARN_UNGUARDED_AVAILABILITY = YES_AGGRESSIVE;
				CLANG_WARN_UNREACHABLE_CODE = YES;
				CLANG_WARN__DUPLICATE_METHOD_MATCH = YES;
				COPY_PHASE_STRIP = NO;
				DEBUG_INFORMATION_FORMAT = dwarf;
				DEVELOPMENT_TEAM = "";
				ENABLE_STRICT_OBJC_MSGSEND = YES;
				ENABLE_TESTABILITY = YES;
				GCC_C_LANGUAGE_STANDARD = gnu11;
				GCC_DYNAMIC_NO_PIC = NO;
				GCC_NO_COMMON_BLOCKS = YES;
				GCC_OPTIMIZATION_LEVEL = 0;
				GCC_PREPROCESSOR_DEFINITIONS = (
					"$(inherited)",
					"DEBUG=1",
				);
				GCC_WARN_64_TO_32_BIT_CONVERSION = YES;
				GCC_WARN_ABOUT_RETURN_TYPE = YES_ERROR;
				GCC_WARN_UNDECLARED_SELECTOR = YES;
				GCC_WARN_UNINITIALIZED_AUTOS = YES_AGGRESSIVE;
				GCC_WARN_UNUSED_FUNCTION = YES;
				GCC_WARN_UNUSED_VARIABLE = YES;
				IPHONEOS_DEPLOYMENT_TARGET = 15.0;
				MTL_ENABLE_DEBUG_INFO = INCLUDE_SOURCE;
				MTL_FAST_MATH = YES;
				ONLY_ACTIVE_ARCH = YES;
				PRODUCT_NAME = "$(TARGET_NAME)";
				SWIFT_ACTIVE_COMPILATION_CONDITIONS = DEBUG;
				SWIFT_OPTIMIZATION_LEVEL = "-Onone";
				SWIFT_VERSION = 5.9;
				WATCHOS_DEPLOYMENT_TARGET = 8.0;
			};
			name = Debug;
		};
		B2B2F801416C584804F84A1A /* Release */ = {
			isa = XCBuildConfiguration;
			baseConfigurationReference = 11A6A58DC460801AC708E7F2 /* Pods-kfit.release.xcconfig */;
			buildSettings = {
				ASSETCATALOG_COMPILER_APPICON_NAME = AppIcon;
				CODE_SIGN_IDENTITY = "iPhone Developer";
				DEVELOPMENT_TEAM = N5H836M425;
				INFOPLIST_FILE = kfit/Info.plist;
				INFOPLIST_KEY_LSApplicationCategoryType = "public.app-category.healthcare-fitness";
				IPHONEOS_DEPLOYMENT_TARGET = 15.0;
				LD_RUNPATH_SEARCH_PATHS = (
					"$(inherited)",
					"@executable_path/Frameworks",
				);
				PRODUCT_BUNDLE_IDENTIFIER = com.kfitappduo.app;
				SDKROOT = iphoneos;
				TARGETED_DEVICE_FAMILY = "1,2";
			};
			name = Release;
		};
/* End XCBuildConfiguration section */

/* Begin XCConfigurationList section */
		5D0DB6087AEFEAE9AACAA5C6 /* Build configuration list for PBXNativeTarget "kfitWatch" */ = {
			isa = XCConfigurationList;
			buildConfigurations = (
				14B0A75E2E55CFC637806427 /* Debug */,
				177750B7340A746F3F70C340 /* Release */,
			);
			defaultConfigurationIsVisible = 0;
			defaultConfigurationName = Debug;
		};
		90E84845DD4C5AC8405D5529 /* Build configuration list for PBXProject "kfit" */ = {
			isa = XCConfigurationList;
			buildConfigurations = (
				B242E69A9C6CA5C22946C3FF /* Debug */,
				4404815AE15F094AF6A41F0D /* Release */,
			);
			defaultConfigurationIsVisible = 0;
			defaultConfigurationName = Debug;
		};
		9F8467D0497197A5B20680AA /* Build configuration list for PBXNativeTarget "kfit" */ = {
			isa = XCConfigurationList;
			buildConfigurations = (
				87485537EB5ED892355E1534 /* Debug */,
				B2B2F801416C584804F84A1A /* Release */,
			);
			defaultConfigurationIsVisible = 0;
			defaultConfigurationName = Debug;
		};
/* End XCConfigurationList section */
	};
	rootObject = D3F6D864AD860C3944ABCC2A /* Project object */;
}
